<?xml version="1.0" encoding="utf-8"?>
<Project ToolsVersion="4.0" xmlns="http://schemas.microsoft.com/developer/msbuild/2003">
  <ItemGroup>
    <Filter Include="Source Files">
      <UniqueIdentifier>{4FC737F1-C7A5-4376-A066-2A32D752A2FF}</UniqueIdentifier>
      <Extensions>cpp;c;cc;cxx;def;odl;idl;hpj;bat;asm;asmx</Extensions>
    </Filter>
    <Filter Include="Header Files">
      <UniqueIdentifier>{93995380-89BD-4b04-88EB-625FBE52EBFB}</UniqueIdentifier>
      <Extensions>h;hh;hpp;hxx;hm;inl;inc;xsd</Extensions>
    </Filter>
    <Filter Include="Resource Files">
      <UniqueIdentifier>{67DA6AB6-F800-4c08-8B7A-83BB121AAD01}</UniqueIdentifier>
      <Extensions>rc;ico;cur;bmp;dlg;rc2;rct;bin;rgs;gif;jpg;jpeg;jpe;resx;tiff;tif;png;wav</Extensions>
    </Filter>
  </ItemGroup>
  <ItemGroup>
    <ClCompile Include="10th recursive function\10870.cpp">
      <Filter>Source Files</Filter>
    </ClCompile>
    <ClCompile Include="10th recursive function\10872.cpp">
      <Filter>Source Files</Filter>
    </ClCompile>
    <ClCompile Include="10th recursive function\11729.cpp">
      <Filter>Source Files</Filter>
    </ClCompile>
    <ClCompile Include="10th recursive function\24060.cpp">
      <Filter>Source Files</Filter>
    </ClCompile>
    <ClCompile Include="10th recursive function\2447.cpp">
      <Filter>Source Files</Filter>
    </ClCompile>
    <ClCompile Include="10th recursive function\25501.cpp">
      <Filter>Source Files</Filter>
    </ClCompile>
    <ClCompile Include="11th bruth force\1018.cpp">
      <Filter>Source Files</Filter>
    </ClCompile>
    <ClCompile Include="11th bruth force\1436.cpp">
      <Filter>Source Files</Filter>
    </ClCompile>
    <ClCompile Include="11th bruth force\2231.cpp">
      <Filter>Source Files</Filter>
    </ClCompile>
    <ClCompile Include="11th bruth force\2798.cpp">
      <Filter>Source Files</Filter>
    </ClCompile>
    <ClCompile Include="11th bruth force\7568.cpp">
      <Filter>Source Files</Filter>
    </ClCompile>
    <ClCompile Include="12th sort\10814.cpp">
      <Filter>Source Files</Filter>
    </ClCompile>
    <ClCompile Include="12th sort\10989.cpp">
      <Filter>Source Files</Filter>
    </ClCompile>
    <ClCompile Include="12th sort\11650.cpp">
      <Filter>Source Files</Filter>
    </ClCompile>
    <ClCompile Include="12th sort\11651.cpp">
      <Filter>Source Files</Filter>
    </ClCompile>
    <ClCompile Include="12th sort\1181.cpp">
      <Filter>Source Files</Filter>
    </ClCompile>
    <ClCompile Include="12th sort\1427.cpp">
      <Filter>Source Files</Filter>
    </ClCompile>
    <ClCompile Include="12th sort\18870.cpp">
      <Filter>Source Files</Filter>
    </ClCompile>
    <ClCompile Include="12th sort\2108.cpp">
      <Filter>Source Files</Filter>
    </ClCompile>
    <ClCompile Include="12th sort\25305.cpp">
      <Filter>Source Files</Filter>
    </ClCompile>
    <ClCompile Include="12th sort\2587.cpp">
      <Filter>Source Files</Filter>
    </ClCompile>
    <ClCompile Include="12th sort\2750.cpp">
      <Filter>Source Files</Filter>
    </ClCompile>
    <ClCompile Include="12th sort\2751.cpp">
      <Filter>Source Files</Filter>
    </ClCompile>
    <ClCompile Include="13th set and map\10815.cpp">
      <Filter>Source Files</Filter>
    </ClCompile>
    <ClCompile Include="13th set and map\10816.cpp">
      <Filter>Source Files</Filter>
    </ClCompile>
    <ClCompile Include="13th set and map\11478.cpp">
      <Filter>Source Files</Filter>
    </ClCompile>
    <ClCompile Include="13th set and map\1269.cpp">
      <Filter>Source Files</Filter>
    </ClCompile>
    <ClCompile Include="13th set and map\14425.cpp">
      <Filter>Source Files</Filter>
    </ClCompile>
    <ClCompile Include="13th set and map\1620.cpp">
      <Filter>Source Files</Filter>
    </ClCompile>
    <ClCompile Include="13th set and map\1764.cpp">
      <Filter>Source Files</Filter>
    </ClCompile>
    <ClCompile Include="14th number theory and combinatorics\11050.cpp">
      <Filter>Source Files</Filter>
    </ClCompile>
    <ClCompile Include="14th number theory and combinatorics\11051.cpp">
      <Filter>Source Files</Filter>
    </ClCompile>
    <ClCompile Include="14th number theory and combinatorics\1934.cpp">
      <Filter>Source Files</Filter>
    </ClCompile>
    <ClCompile Include="14th number theory and combinatorics\2004.cpp">
      <Filter>Source Files</Filter>
    </ClCompile>
    <ClCompile Include="14th number theory and combinatorics\2981.cpp">
      <Filter>Source Files</Filter>
    </ClCompile>
    <ClCompile Include="14th number theory and combinatorics\3036.cpp">
      <Filter>Source Files</Filter>
    </ClCompile>
    <ClCompile Include="14th number theory and combinatorics\5086.cpp">
      <Filter>Source Files</Filter>
    </ClCompile>
    <ClCompile Include="14th number theory and combinatorics\9375.cpp">
      <Filter>Source Files</Filter>
    </ClCompile>
    <ClCompile Include="15th backtracking\14888.cpp">
      <Filter>Source Files</Filter>
    </ClCompile>
    <ClCompile Include="15th backtracking\14889.cpp">
      <Filter>Source Files</Filter>
    </ClCompile>
    <ClCompile Include="15th backtracking\15469.cpp">
      <Filter>Source Files</Filter>
    </ClCompile>
    <ClCompile Include="15th backtracking\15650.cpp">
      <Filter>Source Files</Filter>
    </ClCompile>
    <ClCompile Include="15th backtracking\15651.cpp">
      <Filter>Source Files</Filter>
    </ClCompile>
    <ClCompile Include="15th backtracking\15652.cpp">
      <Filter>Source Files</Filter>
    </ClCompile>
    <ClCompile Include="15th backtracking\2580.cpp">
      <Filter>Source Files</Filter>
    </ClCompile>
    <ClCompile Include="15th backtracking\9663.cpp">
      <Filter>Source Files</Filter>
    </ClCompile>
    <ClCompile Include="16th dynamic planning\1520.cpp">
      <Filter>Source Files</Filter>
    </ClCompile>
    <ClCompile Include="16th dynamic planning\1904.cpp">
      <Filter>Source Files</Filter>
    </ClCompile>
    <ClCompile Include="16th dynamic planning\1912.cpp">
      <Filter>Source Files</Filter>
    </ClCompile>
    <ClCompile Include="16th dynamic planning\2293.cpp">
      <Filter>Source Files</Filter>
    </ClCompile>
    <ClCompile Include="16th dynamic planning\24416.cpp">
      <Filter>Source Files</Filter>
    </ClCompile>
    <ClCompile Include="16th dynamic planning\2629.cpp">
      <Filter>Source Files</Filter>
    </ClCompile>
    <ClCompile Include="16th dynamic planning\9184.cpp">
      <Filter>Source Files</Filter>
    </ClCompile>
    <ClCompile Include="16th dynamic planning\9461.cpp">
      <Filter>Source Files</Filter>
    </ClCompile>
    <ClCompile Include="17th cumulative sum\10986.cpp">
      <Filter>Source Files</Filter>
    </ClCompile>
    <ClCompile Include="17th cumulative sum\11659.cpp">
      <Filter>Source Files</Filter>
    </ClCompile>
    <ClCompile Include="17th cumulative sum\11660.cpp">
      <Filter>Source Files</Filter>
    </ClCompile>
    <ClCompile Include="17th cumulative sum\16139.cpp">
      <Filter>Source Files</Filter>
    </ClCompile>
    <ClCompile Include="17th cumulative sum\2559.cpp">
      <Filter>Source Files</Filter>
    </ClCompile>
    <ClCompile Include="17th cumulative sum\25682.cpp">
      <Filter>Source Files</Filter>
    </ClCompile>
    <ClCompile Include="18th greedy algorithm\13305.cpp">
      <Filter>Source Files</Filter>
    </ClCompile>
    <ClCompile Include="18th greedy algorithm\1931.cpp">
      <Filter>Source Files</Filter>
    </ClCompile>
    <ClCompile Include="19th queue, deque\10866.cpp">
      <Filter>Source Files</Filter>
    </ClCompile>
    <ClCompile Include="19th queue, deque\11866.cpp">
      <Filter>Source Files</Filter>
    </ClCompile>
    <ClCompile Include="19th queue, deque\15828.cpp">
      <Filter>Source Files</Filter>
    </ClCompile>
    <ClCompile Include="19th queue, deque\18258.cpp">
      <Filter>Source Files</Filter>
    </ClCompile>
    <ClCompile Include="19th queue, deque\1966.cpp">
      <Filter>Source Files</Filter>
    </ClCompile>
    <ClCompile Include="19th queue, deque\2164.cpp">
      <Filter>Source Files</Filter>
    </ClCompile>
    <ClCompile Include="19th queue, deque\5430.cpp">
      <Filter>Source Files</Filter>
    </ClCompile>
    <ClCompile Include="1st io and arithmetic operation\1000.cpp">
      <Filter>Source Files</Filter>
    </ClCompile>
    <ClCompile Include="1st io and arithmetic operation\1001.cpp">
      <Filter>Source Files</Filter>
    </ClCompile>
    <ClCompile Include="1st io and arithmetic operation\1008.cpp">
      <Filter>Source Files</Filter>
    </ClCompile>
    <ClCompile Include="1st io and arithmetic operation\10171.cpp">
      <Filter>Source Files</Filter>
    </ClCompile>
    <ClCompile Include="1st io and arithmetic operation\10172.cpp">
      <Filter>Source Files</Filter>
    </ClCompile>
    <ClCompile Include="1st io and arithmetic operation\10430.cpp">
      <Filter>Source Files</Filter>
    </ClCompile>
    <ClCompile Include="1st io and arithmetic operation\10718.cpp">
      <Filter>Source Files</Filter>
    </ClCompile>
    <ClCompile Include="1st io and arithmetic operation\10812.cpp">
      <Filter>Source Files</Filter>
    </ClCompile>
    <ClCompile Include="1st io and arithmetic operation\10869.cpp">
      <Filter>Source Files</Filter>
    </ClCompile>
    <ClCompile Include="1st io and arithmetic operation\10926.cpp">
      <Filter>Source Files</Filter>
    </ClCompile>
    <ClCompile Include="1st io and arithmetic operation\10988.cpp">
      <Filter>Source Files</Filter>
    </ClCompile>
    <ClCompile Include="1st io and arithmetic operation\10998.cpp">
      <Filter>Source Files</Filter>
    </ClCompile>
    <ClCompile Include="1st io and arithmetic operation\18108.cpp">
      <Filter>Source Files</Filter>
    </ClCompile>
    <ClCompile Include="1st io and arithmetic operation\2444.cpp">
      <Filter>Source Files</Filter>
    </ClCompile>
    <ClCompile Include="1st io and arithmetic operation\25083.cpp">
      <Filter>Source Files</Filter>
    </ClCompile>
    <ClCompile Include="1st io and arithmetic operation\25206.cpp">
      <Filter>Source Files</Filter>
    </ClCompile>
    <ClCompile Include="1st io and arithmetic operation\2557.cpp">
      <Filter>Source Files</Filter>
    </ClCompile>
    <ClCompile Include="1st io and arithmetic operation\2588.cpp">
      <Filter>Source Files</Filter>
    </ClCompile>
    <ClCompile Include="1st io and arithmetic operation\3003.cpp">
      <Filter>Source Files</Filter>
    </ClCompile>
    <ClCompile Include="20th stack\10773.cpp">
      <Filter>Source Files</Filter>
    </ClCompile>
    <ClCompile Include="20th stack\10828.cpp">
      <Filter>Source Files</Filter>
    </ClCompile>
    <ClCompile Include="20th stack\17298.cpp">
      <Filter>Source Files</Filter>
    </ClCompile>
    <ClCompile Include="20th stack\17299.cpp">
      <Filter>Source Files</Filter>
    </ClCompile>
    <ClCompile Include="20th stack\9012.cpp">
      <Filter>Source Files</Filter>
    </ClCompile>
    <ClCompile Include="20th stack\9935.cpp">
      <Filter>Source Files</Filter>
    </ClCompile>
    <ClCompile Include="21st divide and conquer\11401.cpp">
      <Filter>Source Files</Filter>
    </ClCompile>
    <ClCompile Include="21st divide and conquer\1629.cpp">
      <Filter>Source Files</Filter>
    </ClCompile>
    <ClCompile Include="21st divide and conquer\1780.cpp">
      <Filter>Source Files</Filter>
    </ClCompile>
    <ClCompile Include="21st divide and conquer\2630.cpp">
      <Filter>Source Files</Filter>
    </ClCompile>
    <ClCompile Include="21st divide and conquer\2740.cpp">
      <Filter>Source Files</Filter>
    </ClCompile>
    <ClCompile Include="22nd priority queue\11286.cpp">
      <Filter>Source Files</Filter>
    </ClCompile>
    <ClCompile Include="22nd priority queue\23757.cpp">
      <Filter>Source Files</Filter>
    </ClCompile>
    <ClCompile Include="23rd graph and traversal\1260.cpp">
      <Filter>Source Files</Filter>
    </ClCompile>
    <ClCompile Include="23rd graph and traversal\16928.cpp">
      <Filter>Source Files</Filter>
    </ClCompile>
    <ClCompile Include="23rd graph and traversal\1697.cpp">
      <Filter>Source Files</Filter>
    </ClCompile>
    <ClCompile Include="23rd graph and traversal\1707.cpp">
      <Filter>Source Files</Filter>
    </ClCompile>
    <ClCompile Include="23rd graph and traversal\2178.cpp">
      <Filter>Source Files</Filter>
    </ClCompile>
    <ClCompile Include="23rd graph and traversal\24444.cpp">
      <Filter>Source Files</Filter>
    </ClCompile>
    <ClCompile Include="23rd graph and traversal\24445.cpp">
      <Filter>Source Files</Filter>
    </ClCompile>
    <ClCompile Include="23rd graph and traversal\24479.cpp">
      <Filter>Source Files</Filter>
    </ClCompile>
    <ClCompile Include="23rd graph and traversal\24480.cpp">
      <Filter>Source Files</Filter>
    </ClCompile>
    <ClCompile Include="23rd graph and traversal\2606.cpp">
      <Filter>Source Files</Filter>
    </ClCompile>
    <ClCompile Include="23rd graph and traversal\2667.cpp">
      <Filter>Source Files</Filter>
    </ClCompile>
    <ClCompile Include="23rd graph and traversal\7562.cpp">
      <Filter>Source Files</Filter>
    </ClCompile>
    <ClCompile Include="23rd graph and traversal\7569.cpp">
      <Filter>Source Files</Filter>
    </ClCompile>
    <ClCompile Include="23rd graph and traversal\7576.cpp">
      <Filter>Source Files</Filter>
    </ClCompile>
    <ClCompile Include="2nd if statement\1330.cpp">
      <Filter>Source Files</Filter>
    </ClCompile>
    <ClCompile Include="2nd if statement\14681.cpp">
      <Filter>Source Files</Filter>
    </ClCompile>
    <ClCompile Include="2nd if statement\2480.cpp">
      <Filter>Source Files</Filter>
    </ClCompile>
    <ClCompile Include="2nd if statement\2525.cpp">
      <Filter>Source Files</Filter>
    </ClCompile>
    <ClCompile Include="2nd if statement\2753.cpp">
      <Filter>Source Files</Filter>
    </ClCompile>
    <ClCompile Include="2nd if statement\2884.cpp">
      <Filter>Source Files</Filter>
    </ClCompile>
    <ClCompile Include="2nd if statement\9498.cpp">
      <Filter>Source Files</Filter>
    </ClCompile>
    <ClCompile Include="3rd for statement\10871.cpp">
      <Filter>Source Files</Filter>
    </ClCompile>
    <ClCompile Include="3rd for statement\10950.cpp">
      <Filter>Source Files</Filter>
    </ClCompile>
    <ClCompile Include="3rd for statement\11021.cpp">
      <Filter>Source Files</Filter>
    </ClCompile>
    <ClCompile Include="3rd for statement\11022.cpp">
      <Filter>Source Files</Filter>
    </ClCompile>
    <ClCompile Include="3rd for statement\15552.cpp">
      <Filter>Source Files</Filter>
    </ClCompile>
    <ClCompile Include="3rd for statement\2438.cpp">
      <Filter>Source Files</Filter>
    </ClCompile>
    <ClCompile Include="3rd for statement\2439.cpp">
      <Filter>Source Files</Filter>
    </ClCompile>
    <ClCompile Include="3rd for statement\25304.cpp">
      <Filter>Source Files</Filter>
    </ClCompile>
    <ClCompile Include="3rd for statement\25314.cpp">
      <Filter>Source Files</Filter>
    </ClCompile>
    <ClCompile Include="3rd for statement\2739.cpp">
      <Filter>Source Files</Filter>
    </ClCompile>
    <ClCompile Include="3rd for statement\2741.cpp">
      <Filter>Source Files</Filter>
    </ClCompile>
    <ClCompile Include="3rd for statement\2742.cpp">
      <Filter>Source Files</Filter>
    </ClCompile>
    <ClCompile Include="3rd for statement\8393.cpp">
      <Filter>Source Files</Filter>
    </ClCompile>
    <ClCompile Include="4th while statement\10951.cpp">
      <Filter>Source Files</Filter>
    </ClCompile>
    <ClCompile Include="4th while statement\10952.cpp">
      <Filter>Source Files</Filter>
    </ClCompile>
    <ClCompile Include="4th while statement\1110.cpp">
      <Filter>Source Files</Filter>
    </ClCompile>
    <ClCompile Include="5.5th 2nd dimensional array\10798.cpp">
      <Filter>Source Files</Filter>
    </ClCompile>
    <ClCompile Include="5.5th 2nd dimensional array\2563.cpp">
      <Filter>Source Files</Filter>
    </ClCompile>
    <ClCompile Include="5.5th 2nd dimensional array\2566.cpp">
      <Filter>Source Files</Filter>
    </ClCompile>
    <ClCompile Include="5.5th 2nd dimensional array\2738.cpp">
      <Filter>Source Files</Filter>
    </ClCompile>
    <ClCompile Include="5th 1st dimensional array\10807.cpp">
      <Filter>Source Files</Filter>
    </ClCompile>
    <ClCompile Include="5th 1st dimensional array\10810.cpp">
      <Filter>Source Files</Filter>
    </ClCompile>
    <ClCompile Include="5th 1st dimensional array\10811.cpp">
      <Filter>Source Files</Filter>
    </ClCompile>
    <ClCompile Include="5th 1st dimensional array\10813.cpp">
      <Filter>Source Files</Filter>
    </ClCompile>
    <ClCompile Include="5th 1st dimensional array\10818.cpp">
      <Filter>Source Files</Filter>
    </ClCompile>
    <ClCompile Include="5th 1st dimensional array\1546.cpp">
      <Filter>Source Files</Filter>
    </ClCompile>
    <ClCompile Include="5th 1st dimensional array\2562.cpp">
      <Filter>Source Files</Filter>
    </ClCompile>
    <ClCompile Include="5th 1st dimensional array\2577.cpp">
      <Filter>Source Files</Filter>
    </ClCompile>
    <ClCompile Include="5th 1st dimensional array\3052.cpp">
      <Filter>Source Files</Filter>
    </ClCompile>
    <ClCompile Include="5th 1st dimensional array\4344.cpp">
      <Filter>Source Files</Filter>
    </ClCompile>
    <ClCompile Include="5th 1st dimensional array\5597.cpp">
      <Filter>Source Files</Filter>
    </ClCompile>
    <ClCompile Include="5th 1st dimensional array\8958.cpp">
      <Filter>Source Files</Filter>
    </ClCompile>
    <ClCompile Include="5th 1st dimensional array\example.cpp">
      <Filter>Source Files</Filter>
    </ClCompile>
    <ClCompile Include="6th function\1065.cpp">
      <Filter>Source Files</Filter>
    </ClCompile>
    <ClCompile Include="6th function\15596.cpp">
      <Filter>Source Files</Filter>
    </ClCompile>
    <ClCompile Include="6th function\4673.cpp">
      <Filter>Source Files</Filter>
    </ClCompile>
    <ClCompile Include="7th string\10809.cpp">
      <Filter>Source Files</Filter>
    </ClCompile>
    <ClCompile Include="7th string\1152.cpp">
      <Filter>Source Files</Filter>
    </ClCompile>
    <ClCompile Include="7th string\1157.cpp">
      <Filter>Source Files</Filter>
    </ClCompile>
    <ClCompile Include="7th string\11654.cpp">
      <Filter>Source Files</Filter>
    </ClCompile>
    <ClCompile Include="7th string\11720.cpp">
      <Filter>Source Files</Filter>
    </ClCompile>
    <ClCompile Include="7th string\1316.cpp">
      <Filter>Source Files</Filter>
    </ClCompile>
    <ClCompile Include="7th string\2675.cpp">
      <Filter>Source Files</Filter>
    </ClCompile>
    <ClCompile Include="7th string\2743.cpp">
      <Filter>Source Files</Filter>
    </ClCompile>
    <ClCompile Include="7th string\27866.cpp">
      <Filter>Source Files</Filter>
    </ClCompile>
    <ClCompile Include="7th string\2908.cpp">
      <Filter>Source Files</Filter>
    </ClCompile>
    <ClCompile Include="7th string\2941.cpp">
      <Filter>Source Files</Filter>
    </ClCompile>
    <ClCompile Include="7th string\5622.cpp">
      <Filter>Source Files</Filter>
    </ClCompile>
    <ClCompile Include="7th string\9086.cpp">
      <Filter>Source Files</Filter>
    </ClCompile>
    <ClCompile Include="8th simple math 1\1011.cpp">
      <Filter>Source Files</Filter>
    </ClCompile>
    <ClCompile Include="8th simple math 1\10250.cpp">
      <Filter>Source Files</Filter>
    </ClCompile>
    <ClCompile Include="8th simple math 1\10757.cpp">
      <Filter>Source Files</Filter>
    </ClCompile>
    <ClCompile Include="8th simple math 1\11005.cpp">
      <Filter>Source Files</Filter>
    </ClCompile>
    <ClCompile Include="8th simple math 1\1193.cpp">
      <Filter>Source Files</Filter>
    </ClCompile>
    <ClCompile Include="8th simple math 1\1712.cpp">
      <Filter>Source Files</Filter>
    </ClCompile>
    <ClCompile Include="8th simple math 1\2292.cpp">
      <Filter>Source Files</Filter>
    </ClCompile>
    <ClCompile Include="8th simple math 1\2745.cpp">
      <Filter>Source Files</Filter>
    </ClCompile>
    <ClCompile Include="8th simple math 1\2775.cpp">
      <Filter>Source Files</Filter>
    </ClCompile>
    <ClCompile Include="8th simple math 1\2839.cpp">
      <Filter>Source Files</Filter>
    </ClCompile>
    <ClCompile Include="8th simple math 1\2869.cpp">
      <Filter>Source Files</Filter>
    </ClCompile>
    <ClCompile Include="8th simple math 1\2903.cpp">
      <Filter>Source Files</Filter>
    </ClCompile>
    <ClCompile Include="9th simple math 2\1002.cpp">
      <Filter>Source Files</Filter>
    </ClCompile>
    <ClCompile Include="9th simple math 2\1085.cpp">
      <Filter>Source Files</Filter>
    </ClCompile>
    <ClCompile Include="9th simple math 2\11653.cpp">
      <Filter>Source Files</Filter>
    </ClCompile>
    <ClCompile Include="9th simple math 2\1358.cpp">
      <Filter>Source Files</Filter>
    </ClCompile>
    <ClCompile Include="9th simple math 2\1929.cpp">
      <Filter>Source Files</Filter>
    </ClCompile>
    <ClCompile Include="9th simple math 2\1978.cpp">
      <Filter>Source Files</Filter>
    </ClCompile>
    <ClCompile Include="9th simple math 2\2477.cpp">
      <Filter>Source Files</Filter>
    </ClCompile>
    <ClCompile Include="9th simple math 2\2501.cpp">
      <Filter>Source Files</Filter>
    </ClCompile>
    <ClCompile Include="9th simple math 2\2581.cpp">
      <Filter>Source Files</Filter>
    </ClCompile>
    <ClCompile Include="9th simple math 2\3009.cpp">
      <Filter>Source Files</Filter>
    </ClCompile>
    <ClCompile Include="9th simple math 2\3053.cpp">
      <Filter>Source Files</Filter>
    </ClCompile>
    <ClCompile Include="9th simple math 2\4153.cpp">
      <Filter>Source Files</Filter>
    </ClCompile>
    <ClCompile Include="9th simple math 2\4948.cpp">
      <Filter>Source Files</Filter>
    </ClCompile>
    <ClCompile Include="9th simple math 2\9020.cpp">
      <Filter>Source Files</Filter>
    </ClCompile>
    <ClCompile Include="problems\1009.cpp">
      <Filter>Source Files</Filter>
    </ClCompile>
    <ClCompile Include="problems\1010.cpp">
      <Filter>Source Files</Filter>
    </ClCompile>
    <ClCompile Include="problems\1032.cpp">
      <Filter>Source Files</Filter>
    </ClCompile>
    <ClCompile Include="problems\1037.cpp">
      <Filter>Source Files</Filter>
    </ClCompile>
    <ClCompile Include="problems\1063.cpp">
      <Filter>Source Files</Filter>
    </ClCompile>
    <ClCompile Include="problems\1075.cpp">
      <Filter>Source Files</Filter>
    </ClCompile>
    <ClCompile Include="problems\1076.cpp">
      <Filter>Source Files</Filter>
    </ClCompile>
    <ClCompile Include="problems\1094.cpp">
      <Filter>Source Files</Filter>
    </ClCompile>
    <ClCompile Include="problems\1100.cpp">
      <Filter>Source Files</Filter>
    </ClCompile>
    <ClCompile Include="problems\11109.cpp">
      <Filter>Source Files</Filter>
    </ClCompile>
    <ClCompile Include="problems\11134.cpp">
      <Filter>Source Files</Filter>
    </ClCompile>
    <ClCompile Include="problems\11382.cpp">
      <Filter>Source Files</Filter>
    </ClCompile>
    <ClCompile Include="problems\1145.cpp">
      <Filter>Source Files</Filter>
    </ClCompile>
    <ClCompile Include="problems\1212.cpp">
      <Filter>Source Files</Filter>
    </ClCompile>
    <ClCompile Include="problems\1225.cpp">
      <Filter>Source Files</Filter>
    </ClCompile>
    <ClCompile Include="problems\1233.cpp">
      <Filter>Source Files</Filter>
    </ClCompile>
    <ClCompile Include="problems\1264.cpp">
      <Filter>Source Files</Filter>
    </ClCompile>
    <ClCompile Include="problems\1297.cpp">
      <Filter>Source Files</Filter>
    </ClCompile>
    <ClCompile Include="problems\1302.cpp">
      <Filter>Source Files</Filter>
    </ClCompile>
    <ClCompile Include="problems\13222.cpp">
      <Filter>Source Files</Filter>
    </ClCompile>
    <ClCompile Include="problems\1333.cpp">
      <Filter>Source Files</Filter>
    </ClCompile>
    <ClCompile Include="problems\15232.cpp">
      <Filter>Source Files</Filter>
    </ClCompile>
    <ClCompile Include="problems\15295.cpp">
      <Filter>Source Files</Filter>
    </ClCompile>
    <ClCompile Include="problems\1550.cpp">
      <Filter>Source Files</Filter>
    </ClCompile>
    <ClCompile Include="problems\15692.cpp">
      <Filter>Source Files</Filter>
    </ClCompile>
    <ClCompile Include="problems\1598.cpp">
      <Filter>Source Files</Filter>
    </ClCompile>
    <ClCompile Include="problems\1718.cpp">
      <Filter>Source Files</Filter>
    </ClCompile>
    <ClCompile Include="problems\17362.cpp">
      <Filter>Source Files</Filter>
    </ClCompile>
    <ClCompile Include="problems\17450.cpp">
      <Filter>Source Files</Filter>
    </ClCompile>
    <ClCompile Include="problems\1920.cpp">
      <Filter>Source Files</Filter>
    </ClCompile>
    <ClCompile Include="problems\1964.cpp">
      <Filter>Source Files</Filter>
    </ClCompile>
    <ClCompile Include="problems\20254.cpp">
      <Filter>Source Files</Filter>
    </ClCompile>
    <ClCompile Include="problems\2139.cpp">
      <Filter>Source Files</Filter>
    </ClCompile>
    <ClCompile Include="problems\2355.cpp">
      <Filter>Source Files</Filter>
    </ClCompile>
    <ClCompile Include="problems\2475.cpp">
      <Filter>Source Files</Filter>
    </ClCompile>
    <ClCompile Include="problems\25372.cpp">
      <Filter>Source Files</Filter>
    </ClCompile>
    <ClCompile Include="problems\2684.cpp">
      <Filter>Source Files</Filter>
    </ClCompile>
    <ClCompile Include="problems\2720.cpp">
      <Filter>Source Files</Filter>
    </ClCompile>
    <ClCompile Include="problems\2914.cpp">
      <Filter>Source Files</Filter>
    </ClCompile>
    <ClCompile Include="problems\2953.cpp">
      <Filter>Source Files</Filter>
    </ClCompile>
    <ClCompile Include="problems\5928.cpp">
      <Filter>Source Files</Filter>
    </ClCompile>
    <ClCompile Include="problems\9085.cpp">
      <Filter>Source Files</Filter>
    </ClCompile>
    <ClCompile Include="9506.cpp">
      <Filter>Source Files</Filter>
    </ClCompile>
    <ClCompile Include="9th simple math 2\27323.cpp">
      <Filter>Source Files</Filter>
    </ClCompile>
    <ClCompile Include="9th simple math 2\15894.cpp">
      <Filter>Source Files</Filter>
    </ClCompile>
    <ClCompile Include="9th simple math 2\9063.cpp">
      <Filter>Source Files</Filter>
    </ClCompile>
    <ClCompile Include="9th simple math 2\10101.cpp">
      <Filter>Source Files</Filter>
    </ClCompile>
    <ClCompile Include="9th simple math 2\5073.cpp">
      <Filter>Source Files</Filter>
    </ClCompile>
    <ClCompile Include="9th simple math 2\14215.cpp">
      <Filter>Source Files</Filter>
    </ClCompile>
    <ClCompile Include="11th bruth force\19532.cpp">
      <Filter>Source Files</Filter>
    </ClCompile>
  </ItemGroup>
</Project>